// !$*UTF8*$!
{
	archiveVersion = 1;
	classes = {
	};
	objectVersion = 55;
	objects = {

/* Begin PBXBuildFile section */
		600000000000000000000800 /* CoreGraphics.framework in Frameworks */ = {isa = PBXBuildFile; fileRef = 610000000000000000000800 /* CoreGraphics.framework */; };
		600000000000000000000900 /* Foundation.framework in Frameworks */ = {isa = PBXBuildFile; fileRef = 610000000000000000000900 /* Foundation.framework */; };
		600000000000000000000A00 /* UIKit.framework in Frameworks */ = {isa = PBXBuildFile; fileRef = 610000000000000000000A00 /* UIKit.framework */; };
		600000000000000000100000 /* InfoPlist.strings in Resources */ = {isa = PBXBuildFile; fileRef = 60796EEE19190F4100A9926B /* InfoPlist.strings */; };
		600000000000000000100100 /* main.m in Sources */ = {isa = PBXBuildFile; fileRef = 610000000000000000100300 /* main.m */; };
		600000000000000000100200 /* Images.xcassets in Resources */ = {isa = PBXBuildFile; fileRef = 610000000000000000100800 /* Images.xcassets */; };
		600000000000000000100300 /* Launch Screen.storyboard in Resources */ = {isa = PBXBuildFile; fileRef = 610000000000000000100900 /* Launch Screen.storyboard */; };
		60A04BC428B35ECB00DAA9E5 /* python-stdlib in Resources */ = {isa = PBXBuildFile; fileRef = 60A04BC328B35ECB00DAA9E5 /* python-stdlib */; };
		60A04BC628B35ED400DAA9E5 /* Python.xcframework in Frameworks */ = {isa = PBXBuildFile; fileRef = 60A04BC528B35ED400DAA9E5 /* Python.xcframework */; };
		60A04BC728B35FD000DAA9E5 /* app in Resources */ = {isa = PBXBuildFile; fileRef = 610000000000000000100100 /* app */; };
		60A04BC828B35FD000DAA9E5 /* app_packages in Resources */ = {isa = PBXBuildFile; fileRef = 610000000000000000100200 /* app_packages */; };
/* End PBXBuildFile section */

/* Begin PBXFileReference section */
		60A04BC328B35ECB00DAA9E5 /* python-stdlib */ = {isa = PBXFileReference; lastKnownFileType = folder; path = "python-stdlib"; sourceTree = "<group>"; };
		60A04BC528B35ED400DAA9E5 /* Python.xcframework */ = {isa = PBXFileReference; lastKnownFileType = wrapper.xcframework; name = Python.xcframework; path = Support/Python.xcframework; sourceTree = "<group>"; };
		610000000000000000000800 /* CoreGraphics.framework */ = {isa = PBXFileReference; lastKnownFileType = wrapper.framework; name = CoreGraphics.framework; path = System/Library/Frameworks/CoreGraphics.framework; sourceTree = SDKROOT; };
		610000000000000000000900 /* Foundation.framework */ = {isa = PBXFileReference; lastKnownFileType = wrapper.framework; name = Foundation.framework; path = System/Library/Frameworks/Foundation.framework; sourceTree = SDKROOT; };
		610000000000000000000A00 /* UIKit.framework */ = {isa = PBXFileReference; lastKnownFileType = wrapper.framework; name = UIKit.framework; path = System/Library/Frameworks/UIKit.framework; sourceTree = SDKROOT; };
		610000000000000000100100 /* app */ = {isa = PBXFileReference; lastKnownFileType = folder; path = app; sourceTree = "<group>"; };
		610000000000000000100200 /* app_packages */ = {isa = PBXFileReference; lastKnownFileType = folder; path = app_packages; sourceTree = "<group>"; };
		610000000000000000100300 /* main.m */ = {isa = PBXFileReference; lastKnownFileType = sourcecode.c.objc; path = main.m; sourceTree = "<group>"; };
		610000000000000000100400 /* Testbed.app */ = {isa = PBXFileReference; explicitFileType = wrapper.application; includeInIndex = 0; path = Testbed.app; sourceTree = BUILT_PRODUCTS_DIR; };
		610000000000000000100500 /* testbed-Info.plist */ = {isa = PBXFileReference; lastKnownFileType = text.plist.xml; path = "testbed-Info.plist"; sourceTree = "<group>"; };
		610000000000000000100600 /* en */ = {isa = PBXFileReference; lastKnownFileType = text.plist.strings; name = en; path = en.lproj/InfoPlist.strings; sourceTree = "<group>"; };
		610000000000000000100700 /* testbed-Prefix.pch */ = {isa = PBXFileReference; lastKnownFileType = sourcecode.c.h; path = "testbed-Prefix.pch"; sourceTree = "<group>"; };
		610000000000000000100800 /* Images.xcassets */ = {isa = PBXFileReference; lastKnownFileType = folder.assetcatalog; path = Images.xcassets; sourceTree = "<group>"; };
		610000000000000000100900 /* Launch Screen.storyboard */ = {isa = PBXFileReference; lastKnownFileType = file.storyboard; path = "Launch Screen.storyboard"; sourceTree = "<group>"; };
/* End PBXFileReference section */

/* Begin PBXFrameworksBuildPhase section */
		60796EDF19190F4100A9926B /* Frameworks */ = {
			isa = PBXFrameworksBuildPhase;
			buildActionMask = 2147483647;
			files = (
				600000000000000000000800 /* CoreGraphics.framework in Frameworks */,
				600000000000000000000900 /* Foundation.framework in Frameworks */,
				600000000000000000000A00 /* UIKit.framework in Frameworks */,
				60A04BC628B35ED400DAA9E5 /* Python.xcframework in Frameworks */,
			);
			runOnlyForDeploymentPostprocessing = 0;
		};
/* End PBXFrameworksBuildPhase section */

/* Begin PBXGroup section */
		60796ED919190F4100A9926B = {
			isa = PBXGroup;
			children = (
				60A04BC228B35E9F00DAA9E5 /* Support */,
				60A04BC528B35ED400DAA9E5 /* Python.xcframework */,
				60796EEB19190F4100A9926B /* {{ cookiecutter.app_name }} */,
				60796EE419190F4100A9926B /* Frameworks */,
				60796EE319190F4100A9926B /* Products */,
			);
			sourceTree = "<group>";
		};
		60796EE319190F4100A9926B /* Products */ = {
			isa = PBXGroup;
			children = (
				610000000000000000100400 /* {{ cookiecutter.formal_name }}.app */,
			);
			name = Products;
			sourceTree = "<group>";
		};
		60796EE419190F4100A9926B /* Frameworks */ = {
			isa = PBXGroup;
			children = (
				610000000000000000000800 /* CoreGraphics.framework */,
				610000000000000000000900 /* Foundation.framework */,
				610000000000000000000A00 /* UIKit.framework */,
			);
			name = Frameworks;
			sourceTree = "<group>";
		};
		60796EEB19190F4100A9926B /* {{ cookiecutter.app_name }} */ = {
			isa = PBXGroup;
			children = (
				610000000000000000100100 /* app */,
				610000000000000000100200 /* app_packages */,
				610000000000000000100800 /* Images.xcassets */,
				60796EEC19190F4100A9926B /* Supporting Files */,
			);
			path = {{ cookiecutter.app_name }};
			sourceTree = "<group>";
		};
		60796EEC19190F4100A9926B /* Supporting Files */ = {
			isa = PBXGroup;
			children = (
				610000000000000000100300 /* main.m */,
				610000000000000000100500 /* {{ cookiecutter.app_name }}-Info.plist */,
				610000000000000000100700 /* {{ cookiecutter.app_name }}-Prefix.pch */,
				60796EEE19190F4100A9926B /* InfoPlist.strings */,
				610000000000000000100900 /* Launch Screen.storyboard */,
			);
			name = "Supporting Files";
			sourceTree = "<group>";
		};
		60A04BC228B35E9F00DAA9E5 /* Support */ = {
			isa = PBXGroup;
			children = (
				60A04BC328B35ECB00DAA9E5 /* python-stdlib */,
			);
			path = Support;
			sourceTree = "<group>";
		};
/* End PBXGroup section */

/* Begin PBXNativeTarget section */
		60796EE119190F4100A9926B /* {{ cookiecutter.formal_name }} */ = {
			isa = PBXNativeTarget;
			buildConfigurationList = 60796F0E19190F4100A9926B /* Build configuration list for PBXNativeTarget "{{ cookiecutter.formal_name }}" */;
			buildPhases = (
				60796EDE19190F4100A9926B /* Sources */,
				60796EDF19190F4100A9926B /* Frameworks */,
				60796EE019190F4100A9926B /* Resources */,
				609384A528B45C86005B2A5D /* Sign Python Binary Modules */,
			);
			buildRules = (
			);
			dependencies = (
			);
			name = "{{ cookiecutter.formal_name }}";
			productName = {{ cookiecutter.app_name }};
			productReference = 610000000000000000100400 /* {{ cookiecutter.formal_name }}.app */;
			productType = "com.apple.product-type.application";
		};
/* End PBXNativeTarget section */

/* Begin PBXProject section */
		60796EDA19190F4100A9926B /* Project object */ = {
			isa = PBXProject;
			attributes = {
				BuildIndependentTargetsInParallel = YES;
				LastUpgradeCheck = 1330;
				ORGANIZATIONNAME = "Russell Keith-Magee";
			};
			buildConfigurationList = 60796EDD19190F4100A9926B /* Build configuration list for PBXProject "{{ cookiecutter.formal_name }}" */;
			compatibilityVersion = "Xcode 13.0";
			developmentRegion = en;
			hasScannedForEncodings = 0;
			knownRegions = (
				en,
				Base,
			);
			mainGroup = 60796ED919190F4100A9926B;
			productRefGroup = 60796EE319190F4100A9926B /* Products */;
			projectDirPath = "";
			projectRoot = "";
			targets = (
				60796EE119190F4100A9926B /* {{ cookiecutter.formal_name }} */,
			);
		};
/* End PBXProject section */

/* Begin PBXResourcesBuildPhase section */
		60796EE019190F4100A9926B /* Resources */ = {
			isa = PBXResourcesBuildPhase;
			buildActionMask = 2147483647;
			files = (
				600000000000000000100000 /* InfoPlist.strings in Resources */,
				600000000000000000100200 /* Images.xcassets in Resources */,
				600000000000000000100300 /* Launch Screen.storyboard in Resources */,
				60A04BC728B35FD000DAA9E5 /* app in Resources */,
				60A04BC828B35FD000DAA9E5 /* app_packages in Resources */,
				60A04BC428B35ECB00DAA9E5 /* python-stdlib in Resources */,
			);
			runOnlyForDeploymentPostprocessing = 0;
		};
/* End PBXResourcesBuildPhase section */

/* Begin PBXShellScriptBuildPhase section */
		609384A528B45C86005B2A5D /* Sign Python Binary Modules */ = {
			isa = PBXShellScriptBuildPhase;
			alwaysOutOfDate = 1;
			buildActionMask = 2147483647;
			files = (
			);
			inputFileListPaths = (
			);
			inputPaths = (
			);
			name = "Sign Python Binary Modules";
			outputFileListPaths = (
			);
			outputPaths = (
			);
			runOnlyForDeploymentPostprocessing = 0;
			shellPath = /bin/sh;
			shellScript = "set -e\necho \"Signed as $EXPANDED_CODE_SIGN_IDENTITY_NAME ($EXPANDED_CODE_SIGN_IDENTITY)\"\nfor binmodule in $( find \"$CODESIGNING_FOLDER_PATH/python-stdlib/lib-dynload\" -name \"*.so\" ); do\n    /usr/bin/codesign --force --sign \"$EXPANDED_CODE_SIGN_IDENTITY\" -o runtime --timestamp=none --preserve-metadata=identifier,entitlements,flags --generate-entitlement-der $binmodule \ndone\nfor binmodule in $( find \"$CODESIGNING_FOLDER_PATH/app\" -name \"*.so\" ); do\n    /usr/bin/codesign --force --sign \"$EXPANDED_CODE_SIGN_IDENTITY\" -o runtime --timestamp=none --preserve-metadata=identifier,entitlements,flags --generate-entitlement-der $binmodule \ndone\nfor binmodule in $( find \"$CODESIGNING_FOLDER_PATH/app_packages\" -name \"*.so\" ); do\n    /usr/bin/codesign --force --sign \"$EXPANDED_CODE_SIGN_IDENTITY\" -o runtime --timestamp=none --preserve-metadata=identifier,entitlements,flags --generate-entitlement-der $binmodule \ndone\n";
		};
/* End PBXShellScriptBuildPhase section */

/* Begin PBXSourcesBuildPhase section */
		60796EDE19190F4100A9926B /* Sources */ = {
			isa = PBXSourcesBuildPhase;
			buildActionMask = 2147483647;
			files = (
				600000000000000000100100 /* main.m in Sources */,
			);
			runOnlyForDeploymentPostprocessing = 0;
		};
/* End PBXSourcesBuildPhase section */

/* Begin PBXVariantGroup section */
		60796EEE19190F4100A9926B /* InfoPlist.strings */ = {
			isa = PBXVariantGroup;
			children = (
				610000000000000000100600 /* en */,
			);
			name = InfoPlist.strings;
			sourceTree = "<group>";
		};
/* End PBXVariantGroup section */

/* Begin XCBuildConfiguration section */
		60796F0C19190F4100A9926B /* Debug */ = {
			isa = XCBuildConfiguration;
			buildSettings = {
				ALWAYS_SEARCH_USER_PATHS = NO;
				CLANG_ANALYZER_LOCALIZABILITY_NONLOCALIZED = YES;
				CLANG_CXX_LANGUAGE_STANDARD = "gnu++0x";
				CLANG_CXX_LIBRARY = "libc++";
				CLANG_ENABLE_MODULES = YES;
				CLANG_ENABLE_OBJC_ARC = YES;
				CLANG_WARN_BLOCK_CAPTURE_AUTORELEASING = YES;
				CLANG_WARN_BOOL_CONVERSION = YES;
				CLANG_WARN_COMMA = YES;
				CLANG_WARN_CONSTANT_CONVERSION = YES;
				CLANG_WARN_DEPRECATED_OBJC_IMPLEMENTATIONS = YES;
				CLANG_WARN_DIRECT_OBJC_ISA_USAGE = YES_ERROR;
				CLANG_WARN_EMPTY_BODY = YES;
				CLANG_WARN_ENUM_CONVERSION = YES;
				CLANG_WARN_INFINITE_RECURSION = YES;
				CLANG_WARN_INT_CONVERSION = YES;
				CLANG_WARN_NON_LITERAL_NULL_CONVERSION = YES;
				CLANG_WARN_OBJC_IMPLICIT_RETAIN_SELF = YES;
				CLANG_WARN_OBJC_LITERAL_CONVERSION = YES;
				CLANG_WARN_OBJC_ROOT_CLASS = YES_ERROR;
				CLANG_WARN_QUOTED_INCLUDE_IN_FRAMEWORK_HEADER = YES;
				CLANG_WARN_RANGE_LOOP_ANALYSIS = YES;
				CLANG_WARN_STRICT_PROTOTYPES = YES;
				CLANG_WARN_SUSPICIOUS_MOVE = YES;
				CLANG_WARN_UNREACHABLE_CODE = YES;
				CLANG_WARN__DUPLICATE_METHOD_MATCH = YES;
				"CODE_SIGN_IDENTITY[sdk=iphoneos*]" = "iPhone Developer";
				COPY_PHASE_STRIP = NO;
				ENABLE_STRICT_OBJC_MSGSEND = YES;
				ENABLE_TESTABILITY = YES;
				GCC_C_LANGUAGE_STANDARD = gnu99;
				GCC_DYNAMIC_NO_PIC = NO;
				GCC_NO_COMMON_BLOCKS = YES;
				GCC_OPTIMIZATION_LEVEL = 0;
				GCC_PREPROCESSOR_DEFINITIONS = (
					"DEBUG=1",
					"$(inherited)",
				);
				GCC_SYMBOLS_PRIVATE_EXTERN = NO;
				GCC_WARN_64_TO_32_BIT_CONVERSION = YES;
				GCC_WARN_ABOUT_RETURN_TYPE = YES_ERROR;
				GCC_WARN_UNDECLARED_SELECTOR = YES;
				GCC_WARN_UNINITIALIZED_AUTOS = YES_AGGRESSIVE;
				GCC_WARN_UNUSED_FUNCTION = YES;
				GCC_WARN_UNUSED_VARIABLE = YES;
				IPHONEOS_DEPLOYMENT_TARGET = 12.0;
				ONLY_ACTIVE_ARCH = YES;
				SDKROOT = iphoneos;
				TARGETED_DEVICE_FAMILY = "1,2";
			};
			name = Debug;
		};
		60796F0D19190F4100A9926B /* Release */ = {
			isa = XCBuildConfiguration;
			buildSettings = {
				ALWAYS_SEARCH_USER_PATHS = NO;
				CLANG_ANALYZER_LOCALIZABILITY_NONLOCALIZED = YES;
				CLANG_CXX_LANGUAGE_STANDARD = "gnu++0x";
				CLANG_CXX_LIBRARY = "libc++";
				CLANG_ENABLE_MODULES = YES;
				CLANG_ENABLE_OBJC_ARC = YES;
				CLANG_WARN_BLOCK_CAPTURE_AUTORELEASING = YES;
				CLANG_WARN_BOOL_CONVERSION = YES;
				CLANG_WARN_COMMA = YES;
				CLANG_WARN_CONSTANT_CONVERSION = YES;
				CLANG_WARN_DEPRECATED_OBJC_IMPLEMENTATIONS = YES;
				CLANG_WARN_DIRECT_OBJC_ISA_USAGE = YES_ERROR;
				CLANG_WARN_EMPTY_BODY = YES;
				CLANG_WARN_ENUM_CONVERSION = YES;
				CLANG_WARN_INFINITE_RECURSION = YES;
				CLANG_WARN_INT_CONVERSION = YES;
				CLANG_WARN_NON_LITERAL_NULL_CONVERSION = YES;
				CLANG_WARN_OBJC_IMPLICIT_RETAIN_SELF = YES;
				CLANG_WARN_OBJC_LITERAL_CONVERSION = YES;
				CLANG_WARN_OBJC_ROOT_CLASS = YES_ERROR;
				CLANG_WARN_QUOTED_INCLUDE_IN_FRAMEWORK_HEADER = YES;
				CLANG_WARN_RANGE_LOOP_ANALYSIS = YES;
				CLANG_WARN_STRICT_PROTOTYPES = YES;
				CLANG_WARN_SUSPICIOUS_MOVE = YES;
				CLANG_WARN_UNREACHABLE_CODE = YES;
				CLANG_WARN__DUPLICATE_METHOD_MATCH = YES;
				"CODE_SIGN_IDENTITY[sdk=iphoneos*]" = "iPhone Developer";
				COPY_PHASE_STRIP = YES;
				ENABLE_NS_ASSERTIONS = NO;
				ENABLE_STRICT_OBJC_MSGSEND = YES;
				GCC_C_LANGUAGE_STANDARD = gnu99;
				GCC_NO_COMMON_BLOCKS = YES;
				GCC_WARN_64_TO_32_BIT_CONVERSION = YES;
				GCC_WARN_ABOUT_RETURN_TYPE = YES_ERROR;
				GCC_WARN_UNDECLARED_SELECTOR = YES;
				GCC_WARN_UNINITIALIZED_AUTOS = YES_AGGRESSIVE;
				GCC_WARN_UNUSED_FUNCTION = YES;
				GCC_WARN_UNUSED_VARIABLE = YES;
				IPHONEOS_DEPLOYMENT_TARGET = 12.0;
				SDKROOT = iphoneos;
				TARGETED_DEVICE_FAMILY = "1,2";
				VALIDATE_PRODUCT = YES;
			};
			name = Release;
		};
		60796F0F19190F4100A9926B /* Debug */ = {
			isa = XCBuildConfiguration;
			buildSettings = {
				ASSETCATALOG_COMPILER_APPICON_NAME = AppIcon;
				ENABLE_BITCODE = NO;
				GCC_PRECOMPILE_PREFIX_HEADER = YES;
				GCC_PREFIX_HEADER = "{{ cookiecutter.app_name }}/{{ cookiecutter.app_name }}-Prefix.pch";
				INFOPLIST_FILE = "{{ cookiecutter.app_name }}/{{ cookiecutter.app_name }}-Info.plist";
				IPHONEOS_DEPLOYMENT_TARGET = 13.0;
				LD_RUNPATH_SEARCH_PATHS = (
					"$(inherited)",
					"@executable_path/Frameworks",
				);
				PRODUCT_BUNDLE_IDENTIFIER = "{{ cookiecutter.bundle }}.{{ cookiecutter.app_name }}";
				PRODUCT_NAME = "$(TARGET_NAME)";
				WRAPPER_EXTENSION = app;
			};
			name = Debug;
		};
		60796F1019190F4100A9926B /* Release */ = {
			isa = XCBuildConfiguration;
			buildSettings = {
				ASSETCATALOG_COMPILER_APPICON_NAME = AppIcon;
				ENABLE_BITCODE = NO;
				ENABLE_TESTABILITY = YES;
				GCC_PRECOMPILE_PREFIX_HEADER = YES;
				GCC_PREFIX_HEADER = "{{ cookiecutter.app_name }}/{{ cookiecutter.app_name }}-Prefix.pch";
				INFOPLIST_FILE = "{{ cookiecutter.app_name }}/{{ cookiecutter.app_name }}-Info.plist";
				IPHONEOS_DEPLOYMENT_TARGET = 13.0;
				LD_RUNPATH_SEARCH_PATHS = (
					"$(inherited)",
					"@executable_path/Frameworks",
				);
				PRODUCT_BUNDLE_IDENTIFIER = "{{ cookiecutter.bundle }}.{{ cookiecutter.app_name }}";
				PRODUCT_NAME = "$(TARGET_NAME)";
				WRAPPER_EXTENSION = app;
			};
			name = Release;
		};
/* End XCBuildConfiguration section */

/* Begin XCConfigurationList section */
		60796EDD19190F4100A9926B /* Build configuration list for PBXProject "{{ cookiecutter.formal_name }}" */ = {
			isa = XCConfigurationList;
			buildConfigurations = (
				60796F0C19190F4100A9926B /* Debug */,
				60796F0D19190F4100A9926B /* Release */,
			);
			defaultConfigurationIsVisible = 0;
			defaultConfigurationName = Release;
		};
		60796F0E19190F4100A9926B /* Build configuration list for PBXNativeTarget "{{ cookiecutter.formal_name }}" */ = {
			isa = XCConfigurationList;
			buildConfigurations = (
				60796F0F19190F4100A9926B /* Debug */,
				60796F1019190F4100A9926B /* Release */,
			);
			defaultConfigurationIsVisible = 0;
			defaultConfigurationName = Release;
		};
/* End XCConfigurationList section */
	};
	rootObject = 60796EDA19190F4100A9926B /* Project object */;
}
